
Microsoft Visual Studio Solution File, Format Version 12.00
# Visual Studio Version 16
VisualStudioVersion = 16.0.30503.244
MinimumVisualStudioVersion = 10.0.40219.1
Project("{FAE04EC0-301F-11D3-BF4B-00C04F79EFBC}") = "TetrisGame", "TetrisGame.csproj", "{DF789A63-E7E1-4EBB-B3B9-4D3C223FAE44}"
EndProject
Global
	GlobalSection(SolutionConfigurationPlatforms) = preSolution
		Debug|Any CPU = Debug|Any CPU
		Release|Any CPU = Release|Any CPU
	EndGlobalSection
	GlobalSection(ProjectConfigurationPlatforms) = postSolution
		{DF789A63-E7E1-4EBB-B3B9-4D3C223FAE44}.Debug|Any CPU.ActiveCfg = Debug|Any CPU
		{DF789A63-E7E1-4EBB-B3B9-4D3C223FAE44}.Debug|Any CPU.Build.0 = Debug|Any CPU
		{DF789A63-E7E1-4EBB-B3B9-4D3C223FAE44}.Release|Any CPU.ActiveCfg = Release|Any CPU
		{DF789A63-E7E1-4EBB-B3B9-4D3C223FAE44}.Release|Any CPU.Build.0 = Release|Any CPU
	EndGlobalSection
	GlobalSection(SolutionProperties) = preSolution
		HideSolutionNode = FALSE
	EndGlobalSection
	GlobalSection(ExtensibilityGlobals) = postSolution
		SolutionGuid = {3548BB96-5D1E-422A-A056-D1900211D99C}
	EndGlobalSection
EndGlobal
